
Microsoft Visual Studio Solution File, Format Version 12.00
# Visual Studio Version 16
VisualStudioVersion = 16.0.30011.22
MinimumVisualStudioVersion = 10.0.40219.1
Project("{FAE04EC0-301F-11D3-BF4B-00C04F79EFBC}") = "UI", "UI\UI.csproj", "{EDB09185-1FA0-4281-9F81-64F182586502}"
	ProjectSection(ProjectDependencies) = postProject
		{FA8C4354-7F98-45EC-8006-88152D8A819E} = {FA8C4354-7F98-45EC-8006-88152D8A819E}
		{559D7567-6574-4AEF-8045-727A682075ED} = {559D7567-6574-4AEF-8045-727A682075ED}
	EndProjectSection
EndProject
Project("{FAE04EC0-301F-11D3-BF4B-00C04F79EFBC}") = "DAL", "DAL\DAL.csproj", "{71E84465-FB83-491B-A250-BFFE2431B316}"
	ProjectSection(ProjectDependencies) = postProject
		{FA8C4354-7F98-45EC-8006-88152D8A819E} = {FA8C4354-7F98-45EC-8006-88152D8A819E}
	EndProjectSection
EndProject
Project("{FAE04EC0-301F-11D3-BF4B-00C04F79EFBC}") = "BLL", "BLL\BLL.csproj", "{559D7567-6574-4AEF-8045-727A682075ED}"
	ProjectSection(ProjectDependencies) = postProject
		{FA8C4354-7F98-45EC-8006-88152D8A819E} = {FA8C4354-7F98-45EC-8006-88152D8A819E}
		{71E84465-FB83-491B-A250-BFFE2431B316} = {71E84465-FB83-491B-A250-BFFE2431B316}
	EndProjectSection
EndProject
Project("{FAE04EC0-301F-11D3-BF4B-00C04F79EFBC}") = "Entity", "Entity\Entity.csproj", "{FA8C4354-7F98-45EC-8006-88152D8A819E}"
EndProject
Global
	GlobalSection(SolutionConfigurationPlatforms) = preSolution
		Debug|Any CPU = Debug|Any CPU
		Release|Any CPU = Release|Any CPU
	EndGlobalSection
	GlobalSection(ProjectConfigurationPlatforms) = postSolution
		{EDB09185-1FA0-4281-9F81-64F182586502}.Debug|Any CPU.ActiveCfg = Debug|Any CPU
		{EDB09185-1FA0-4281-9F81-64F182586502}.Debug|Any CPU.Build.0 = Debug|Any CPU
		{EDB09185-1FA0-4281-9F81-64F182586502}.Release|Any CPU.ActiveCfg = Release|Any CPU
		{EDB09185-1FA0-4281-9F81-64F182586502}.Release|Any CPU.Build.0 = Release|Any CPU
		{71E84465-FB83-491B-A250-BFFE2431B316}.Debug|Any CPU.ActiveCfg = Debug|Any CPU
		{71E84465-FB83-491B-A250-BFFE2431B316}.Debug|Any CPU.Build.0 = Debug|Any CPU
		{71E84465-FB83-491B-A250-BFFE2431B316}.Release|Any CPU.ActiveCfg = Release|Any CPU
		{71E84465-FB83-491B-A250-BFFE2431B316}.Release|Any CPU.Build.0 = Release|Any CPU
		{559D7567-6574-4AEF-8045-727A682075ED}.Debug|Any CPU.ActiveCfg = Debug|Any CPU
		{559D7567-6574-4AEF-8045-727A682075ED}.Debug|Any CPU.Build.0 = Debug|Any CPU
		{559D7567-6574-4AEF-8045-727A682075ED}.Release|Any CPU.ActiveCfg = Release|Any CPU
		{559D7567-6574-4AEF-8045-727A682075ED}.Release|Any CPU.Build.0 = Release|Any CPU
		{FA8C4354-7F98-45EC-8006-88152D8A819E}.Debug|Any CPU.ActiveCfg = Debug|Any CPU
		{FA8C4354-7F98-45EC-8006-88152D8A819E}.Debug|Any CPU.Build.0 = Debug|Any CPU
		{FA8C4354-7F98-45EC-8006-88152D8A819E}.Release|Any CPU.ActiveCfg = Release|Any CPU
		{FA8C4354-7F98-45EC-8006-88152D8A819E}.Release|Any CPU.Build.0 = Release|Any CPU
	EndGlobalSection
	GlobalSection(SolutionProperties) = preSolution
		HideSolutionNode = FALSE
	EndGlobalSection
	GlobalSection(ExtensibilityGlobals) = postSolution
		SolutionGuid = {9224D538-EA6A-4E57-A314-582AD8CAAF76}
	EndGlobalSection
EndGlobal
